dependencies:
  '@apexearth/copy': 1.4.5
  arg: 5.0.0
  execa: 5.0.0
  kleur: 4.1.4
lockfileVersion: 5.1
packages:
  /@apexearth/copy/1.4.5:
    dependencies:
      commander: 2.20.3
      mkdirp: 1.0.4
      prettysize: 2.0.0
      sleep-promise: 8.0.1
    dev: false
    hasBin: true
    resolution:
      integrity: sha512-Zws+jNVT54YUjBuNfDKje2uyoTQRYpIPMHDf6v6EI019ZqXnwYxb4/gZMlDjv+O+LnZbBn2Sc8DC5KAbcBNiaQ==
  /arg/5.0.0:
    dev: false
    resolution:
      integrity: sha512-4P8Zm2H+BRS+c/xX1LrHw0qKpEhdlZjLCgWy+d78T9vqa2Z2SiD2wMrYuWIAFy5IZUD7nnNXroRttz+0RzlrzQ==
  /commander/2.20.3:
    dev: false
    resolution:
      integrity: sha512-GpVkmM8vF2vQUkj2LvZmD35JxeJOLCwJ9cUkugyk2nuhbv3+mJvpLYYt+0+USMxE+oj+ey/lJEnhZw75x/OMcQ==
  /cross-spawn/7.0.3:
    dependencies:
      path-key: 3.1.1
      shebang-command: 2.0.0
      which: 2.0.2
    dev: false
    engines:
      node: '>= 8'
    resolution:
      integrity: sha512-iRDPJKUPVEND7dHPO8rkbOnPpyDygcDFtWjpeWNCgy8WP2rXcxXL8TskReQl6OrB2G7+UJrags1q15Fudc7G6w==
  /execa/5.0.0:
    dependencies:
      cross-spawn: 7.0.3
      get-stream: 6.0.0
      human-signals: 2.1.0
      is-stream: 2.0.0
      merge-stream: 2.0.0
      npm-run-path: 4.0.1
      onetime: 5.1.2
      signal-exit: 3.0.3
      strip-final-newline: 2.0.0
    dev: false
    engines:
      node: '>=10'
    resolution:
      integrity: sha512-ov6w/2LCiuyO4RLYGdpFGjkcs0wMTgGE8PrkTHikeUy5iJekXyPIKUjifk5CsE0pt7sMCrMZ3YNqoCj6idQOnQ==
  /get-stream/6.0.0:
    dev: false
    engines:
      node: '>=10'
    resolution:
      integrity: sha512-A1B3Bh1UmL0bidM/YX2NsCOTnGJePL9rO/M+Mw3m9f2gUpfokS0hi5Eah0WSUEWZdZhIZtMjkIYS7mDfOqNHbg==
  /human-signals/2.1.0:
    dev: false
    engines:
      node: '>=10.17.0'
    resolution:
      integrity: sha512-B4FFZ6q/T2jhhksgkbEW3HBvWIfDW85snkQgawt07S7J5QXTk6BkNV+0yAeZrM5QpMAdYlocGoljn0sJ/WQkFw==
  /is-stream/2.0.0:
    dev: false
    engines:
      node: '>=8'
    resolution:
      integrity: sha512-XCoy+WlUr7d1+Z8GgSuXmpuUFC9fOhRXglJMx+dwLKTkL44Cjd4W1Z5P+BQZpr+cR93aGP4S/s7Ftw6Nd/kiEw==
  /isexe/2.0.0:
    dev: false
    resolution:
      integrity: sha1-6PvzdNxVb/iUehDcsFctYz8s+hA=
  /kleur/4.1.4:
    dev: false
    engines:
      node: '>=6'
    resolution:
      integrity: sha512-8QADVssbrFjivHWQU7KkMgptGTl6WAcSdlbBPY4uNF+mWr6DGcKrvY2w4FQJoXch7+fKMjj0dRrL75vk3k23OA==
  /merge-stream/2.0.0:
    dev: false
    resolution:
      integrity: sha512-abv/qOcuPfk3URPfDzmZU1LKmuw8kT+0nIHvKrKgFrwifol/doWcdA4ZqsWQ8ENrFKkd67Mfpo/LovbIUsbt3w==
  /mimic-fn/2.1.0:
    dev: false
    engines:
      node: '>=6'
    resolution:
      integrity: sha512-OqbOk5oEQeAZ8WXWydlu9HJjz9WVdEIvamMCcXmuqUYjTknH/sqsWvhQ3vgwKFRR1HpjvNBKQ37nbJgYzGqGcg==
  /mkdirp/1.0.4:
    dev: false
    engines:
      node: '>=10'
    hasBin: true
    resolution:
      integrity: sha512-vVqVZQyf3WLx2Shd0qJ9xuvqgAyKPLAiqITEtqW0oIUjzo3PePDd6fW9iFz30ef7Ysp/oiWqbhszeGWW2T6Gzw==
  /npm-run-path/4.0.1:
    dependencies:
      path-key: 3.1.1
    dev: false
    engines:
      node: '>=8'
    resolution:
      integrity: sha512-S48WzZW777zhNIrn7gxOlISNAqi9ZC/uQFnRdbeIHhZhCA6UqpkOT8T1G7BvfdgP4Er8gF4sUbaS0i7QvIfCWw==
  /onetime/5.1.2:
    dependencies:
      mimic-fn: 2.1.0
    dev: false
    engines:
      node: '>=6'
    resolution:
      integrity: sha512-kbpaSSGJTWdAY5KPVeMOKXSrPtr8C8C7wodJbcsd51jRnmD+GZu8Y0VoU6Dm5Z4vWr0Ig/1NKuWRKf7j5aaYSg==
  /path-key/3.1.1:
    dev: false
    engines:
      node: '>=8'
    resolution:
      integrity: sha512-ojmeN0qd+y0jszEtoY48r0Peq5dwMEkIlCOu6Q5f41lfkswXuKtYrhgoTpLnyIcHm24Uhqx+5Tqm2InSwLhE6Q==
  /prettysize/2.0.0:
    dev: false
    resolution:
      integrity: sha512-VVtxR7sOh0VsG8o06Ttq5TrI1aiZKmC+ClSn4eBPaNf4SHr5lzbYW+kYGX3HocBL/MfpVrRfFZ9V3vCbLaiplg==
  /shebang-command/2.0.0:
    dependencies:
      shebang-regex: 3.0.0
    dev: false
    engines:
      node: '>=8'
    resolution:
      integrity: sha512-kHxr2zZpYtdmrN1qDjrrX/Z1rR1kG8Dx+gkpK1G4eXmvXswmcE1hTWBWYUzlraYw1/yZp6YuDY77YtvbN0dmDA==
  /shebang-regex/3.0.0:
    dev: false
    engines:
      node: '>=8'
    resolution:
      integrity: sha512-7++dFhtcx3353uBaq8DDR4NuxBetBzC7ZQOhmTQInHEd6bSrXdiEyzCvG07Z44UYdLShWUyXt5M/yhz8ekcb1A==
  /signal-exit/3.0.3:
    dev: false
    resolution:
      integrity: sha512-VUJ49FC8U1OxwZLxIbTTrDvLnf/6TDgxZcK8wxR8zs13xpx7xbG60ndBlhNrFi2EMuFRoeDoJO7wthSLq42EjA==
  /sleep-promise/8.0.1:
    dev: false
    resolution:
      integrity: sha1-jXlaJ+ojlT32tSuRCB5eImZZk8U=
  /strip-final-newline/2.0.0:
    dev: false
    engines:
      node: '>=6'
    resolution:
      integrity: sha512-BrpvfNAE3dcvq7ll3xVumzjKjZQ5tI1sEUIKr3Uoks0XUl45St3FlatVqef9prk4jRDzhW6WZg+3bk93y6pLjA==
  /which/2.0.2:
    dependencies:
      isexe: 2.0.0
    dev: false
    engines:
      node: '>= 8'
    hasBin: true
    resolution:
      integrity: sha512-BLI3Tl1TW3Pvl70l3yq3Y64i+awpwXqsGBYWkkqMtnbXgrMD+yj7rhW0kuEDxzJaYXGjEW5ogapKNMEKNMjibA==
specifiers:
  '@apexearth/copy': ^1.4.5
  arg: ^5.0.0
  execa: ^5.0.0
  kleur: ^4.1.4
