# THIS IS AN AUTOGENERATED FILE. DO NOT EDIT THIS FILE DIRECTLY.
# yarn lockfile v1


"@apexearth/copy@^1.4.5":
  version "1.4.5"
  resolved "https://registry.yarnpkg.com/@apexearth/copy/-/copy-1.4.5.tgz#966716249c831a168ef51eb224f53e0bb642ab79"
  integrity sha512-Zws+jNVT54YUjBuNfDKje2uyoTQRYpIPMHDf6v6EI019ZqXnwYxb4/gZMlDjv+O+LnZbBn2Sc8DC5KAbcBNiaQ==
  dependencies:
    commander "^2.19.0"
    mkdirp "^1.0.4"
    prettysize "^2.0.0"
    sleep-promise "^8.0.1"

commander@^2.19.0:
  version "2.20.3"
  resolved "https://registry.yarnpkg.com/commander/-/commander-2.20.3.tgz#fd485e84c03eb4881c20722ba48035e8531aeb33"
  integrity sha512-GpVkmM8vF2vQUkj2LvZmD35JxeJOLCwJ9cUkugyk2nuhbv3+mJvpLYYt+0+USMxE+oj+ey/lJEnhZw75x/OMcQ==

kleur@^3.0.3:
  version "3.0.3"
  resolved "https://registry.yarnpkg.com/kleur/-/kleur-3.0.3.tgz#a79c9ecc86ee1ce3fa6206d1216c501f147fc07e"
  integrity sha512-eTIzlVOSUR+JxdDFepEYcBMtZ9Qqdef+rnzWdRZuMbOywu5tO2w2N7rqjoANZ5k9vywhL6Br1VRjUIgTQx4E8w==

mkdirp@^1.0.4:
  version "1.0.4"
  resolved "https://registry.yarnpkg.com/mkdirp/-/mkdirp-1.0.4.tgz#3eb5ed62622756d79a5f0e2a221dfebad75c2f7e"
  integrity sha512-vVqVZQyf3WLx2Shd0qJ9xuvqgAyKPLAiqITEtqW0oIUjzo3PePDd6fW9iFz30ef7Ysp/oiWqbhszeGWW2T6Gzw==

prettysize@^2.0.0:
  version "2.0.0"
  resolved "https://registry.yarnpkg.com/prettysize/-/prettysize-2.0.0.tgz#902c02480d865d9cc0813011c9feb4fa02ce6996"
  integrity sha512-VVtxR7sOh0VsG8o06Ttq5TrI1aiZKmC+ClSn4eBPaNf4SHr5lzbYW+kYGX3HocBL/MfpVrRfFZ9V3vCbLaiplg==

sleep-promise@^8.0.1:
  version "8.0.1"
  resolved "https://registry.yarnpkg.com/sleep-promise/-/sleep-promise-8.0.1.tgz#8d795a27ea23953df6b52b91081e5e22665993c5"
  integrity sha1-jXlaJ+ojlT32tSuRCB5eImZZk8U=
